
Microsoft Visual Studio Solution File, Format Version 12.00
# Visual Studio Version 17
VisualStudioVersion = 17.1.32328.378
MinimumVisualStudioVersion = 10.0.40219.1
Project("{2150E333-8FDC-42A3-9474-1A3956D46DE8}") = "src", "src", "{22E73887-4D93-4018-8254-A0E41A6F5984}"
EndProject
Project("{2150E333-8FDC-42A3-9474-1A3956D46DE8}") = "Api", "Api", "{E78FA7E7-7316-4EC0-8EDC-95E88E3A2919}"
EndProject
Project("{FAE04EC0-301F-11D3-BF4B-00C04F79EFBC}") = "GuitarShop.Api", "src\Api\GuitarShopAngular.Api\GuitarShop.Api.csproj", "{4F59C169-3CFE-461C-8414-9BA06F86A3B6}"
EndProject
Project("{FAE04EC0-301F-11D3-BF4B-00C04F79EFBC}") = "Security.Api", "src\Api\Security.Api\Security.Api.csproj", "{ECC49526-DE82-41F1-8E82-B4CDBB192E1E}"
EndProject
Project("{2150E333-8FDC-42A3-9474-1A3956D46DE8}") = "Domain", "Domain", "{FA64D131-FBF5-4F57-9DCA-CDA5EB9455C7}"
EndProject
Project("{FAE04EC0-301F-11D3-BF4B-00C04F79EFBC}") = "GuitarShop.Domain", "src\Domain\GuitarShop.Domain\GuitarShop.Domain.csproj", "{0E888119-39E6-4769-AA41-081E599EFD6A}"
EndProject
Project("{FAE04EC0-301F-11D3-BF4B-00C04F79EFBC}") = "Security.Domain", "src\Domain\Security.Domain\Security.Domain.csproj", "{C76966B3-8F7F-484E-BB07-FC3FC57DFDF3}"
EndProject
Project("{2150E333-8FDC-42A3-9474-1A3956D46DE8}") = "Application", "Application", "{29D05579-C11F-4DC3-8FB1-3C852C6E0B44}"
EndProject
Project("{FAE04EC0-301F-11D3-BF4B-00C04F79EFBC}") = "GuitarShop.Application", "src\Application\GuitarShop.Application\GuitarShop.Application.csproj", "{20174C84-D977-46C1-91C8-7B3C85A706AE}"
EndProject
Project("{FAE04EC0-301F-11D3-BF4B-00C04F79EFBC}") = "Security.Application", "src\Application\Security.Application\Security.Application.csproj", "{9C755C5C-1C21-44F6-BDFE-D7832F1F475B}"
EndProject
Project("{2150E333-8FDC-42A3-9474-1A3956D46DE8}") = "Persistence", "Persistence", "{D629664B-ABB3-4D72-936B-4EDABF53B3DB}"
EndProject
Project("{FAE04EC0-301F-11D3-BF4B-00C04F79EFBC}") = "Security.Persistence", "src\Persistence\Security.Persistence\Security.Persistence.csproj", "{06F479B7-A0E7-4D55-9153-CDF573A3C543}"
EndProject
Project("{FAE04EC0-301F-11D3-BF4B-00C04F79EFBC}") = "GuitarShop.Persistence", "src\Persistence\GuitarShop.Persistence\GuitarShop.Persistence.csproj", "{D739FBC7-B6C7-492D-98D6-9225AA9AC80B}"
EndProject
Project("{2150E333-8FDC-42A3-9474-1A3956D46DE8}") = "Infrastructure", "Infrastructure", "{A21B299C-0EBD-496D-97E9-B9405D8A6CB0}"
EndProject
Project("{FAE04EC0-301F-11D3-BF4B-00C04F79EFBC}") = "GuitarShop.Infrastructure", "src\Infrastructure\GuitarShop.Infrastructure\GuitarShop.Infrastructure.csproj", "{24134738-03B0-448B-A744-B8AA8CDD29EB}"
EndProject
Project("{FAE04EC0-301F-11D3-BF4B-00C04F79EFBC}") = "Security.Infrastructure", "src\Infrastructure\Security.Infrastructure\Security.Infrastructure.csproj", "{8A8122D5-8950-4552-B807-325684EA1996}"
EndProject
Global
	GlobalSection(SolutionConfigurationPlatforms) = preSolution
		Debug|Any CPU = Debug|Any CPU
		Release|Any CPU = Release|Any CPU
	EndGlobalSection
	GlobalSection(ProjectConfigurationPlatforms) = postSolution
		{4F59C169-3CFE-461C-8414-9BA06F86A3B6}.Debug|Any CPU.ActiveCfg = Debug|Any CPU
		{4F59C169-3CFE-461C-8414-9BA06F86A3B6}.Debug|Any CPU.Build.0 = Debug|Any CPU
		{4F59C169-3CFE-461C-8414-9BA06F86A3B6}.Release|Any CPU.ActiveCfg = Release|Any CPU
		{4F59C169-3CFE-461C-8414-9BA06F86A3B6}.Release|Any CPU.Build.0 = Release|Any CPU
		{ECC49526-DE82-41F1-8E82-B4CDBB192E1E}.Debug|Any CPU.ActiveCfg = Debug|Any CPU
		{ECC49526-DE82-41F1-8E82-B4CDBB192E1E}.Debug|Any CPU.Build.0 = Debug|Any CPU
		{ECC49526-DE82-41F1-8E82-B4CDBB192E1E}.Release|Any CPU.ActiveCfg = Release|Any CPU
		{ECC49526-DE82-41F1-8E82-B4CDBB192E1E}.Release|Any CPU.Build.0 = Release|Any CPU
		{0E888119-39E6-4769-AA41-081E599EFD6A}.Debug|Any CPU.ActiveCfg = Debug|Any CPU
		{0E888119-39E6-4769-AA41-081E599EFD6A}.Debug|Any CPU.Build.0 = Debug|Any CPU
		{0E888119-39E6-4769-AA41-081E599EFD6A}.Release|Any CPU.ActiveCfg = Release|Any CPU
		{0E888119-39E6-4769-AA41-081E599EFD6A}.Release|Any CPU.Build.0 = Release|Any CPU
		{C76966B3-8F7F-484E-BB07-FC3FC57DFDF3}.Debug|Any CPU.ActiveCfg = Debug|Any CPU
		{C76966B3-8F7F-484E-BB07-FC3FC57DFDF3}.Debug|Any CPU.Build.0 = Debug|Any CPU
		{C76966B3-8F7F-484E-BB07-FC3FC57DFDF3}.Release|Any CPU.ActiveCfg = Release|Any CPU
		{C76966B3-8F7F-484E-BB07-FC3FC57DFDF3}.Release|Any CPU.Build.0 = Release|Any CPU
		{20174C84-D977-46C1-91C8-7B3C85A706AE}.Debug|Any CPU.ActiveCfg = Debug|Any CPU
		{20174C84-D977-46C1-91C8-7B3C85A706AE}.Debug|Any CPU.Build.0 = Debug|Any CPU
		{20174C84-D977-46C1-91C8-7B3C85A706AE}.Release|Any CPU.ActiveCfg = Release|Any CPU
		{20174C84-D977-46C1-91C8-7B3C85A706AE}.Release|Any CPU.Build.0 = Release|Any CPU
		{9C755C5C-1C21-44F6-BDFE-D7832F1F475B}.Debug|Any CPU.ActiveCfg = Debug|Any CPU
		{9C755C5C-1C21-44F6-BDFE-D7832F1F475B}.Debug|Any CPU.Build.0 = Debug|Any CPU
		{9C755C5C-1C21-44F6-BDFE-D7832F1F475B}.Release|Any CPU.ActiveCfg = Release|Any CPU
		{9C755C5C-1C21-44F6-BDFE-D7832F1F475B}.Release|Any CPU.Build.0 = Release|Any CPU
		{06F479B7-A0E7-4D55-9153-CDF573A3C543}.Debug|Any CPU.ActiveCfg = Debug|Any CPU
		{06F479B7-A0E7-4D55-9153-CDF573A3C543}.Debug|Any CPU.Build.0 = Debug|Any CPU
		{06F479B7-A0E7-4D55-9153-CDF573A3C543}.Release|Any CPU.ActiveCfg = Release|Any CPU
		{06F479B7-A0E7-4D55-9153-CDF573A3C543}.Release|Any CPU.Build.0 = Release|Any CPU
		{D739FBC7-B6C7-492D-98D6-9225AA9AC80B}.Debug|Any CPU.ActiveCfg = Debug|Any CPU
		{D739FBC7-B6C7-492D-98D6-9225AA9AC80B}.Debug|Any CPU.Build.0 = Debug|Any CPU
		{D739FBC7-B6C7-492D-98D6-9225AA9AC80B}.Release|Any CPU.ActiveCfg = Release|Any CPU
		{D739FBC7-B6C7-492D-98D6-9225AA9AC80B}.Release|Any CPU.Build.0 = Release|Any CPU
		{24134738-03B0-448B-A744-B8AA8CDD29EB}.Debug|Any CPU.ActiveCfg = Debug|Any CPU
		{24134738-03B0-448B-A744-B8AA8CDD29EB}.Debug|Any CPU.Build.0 = Debug|Any CPU
		{24134738-03B0-448B-A744-B8AA8CDD29EB}.Release|Any CPU.ActiveCfg = Release|Any CPU
		{24134738-03B0-448B-A744-B8AA8CDD29EB}.Release|Any CPU.Build.0 = Release|Any CPU
		{8A8122D5-8950-4552-B807-325684EA1996}.Debug|Any CPU.ActiveCfg = Debug|Any CPU
		{8A8122D5-8950-4552-B807-325684EA1996}.Debug|Any CPU.Build.0 = Debug|Any CPU
		{8A8122D5-8950-4552-B807-325684EA1996}.Release|Any CPU.ActiveCfg = Release|Any CPU
		{8A8122D5-8950-4552-B807-325684EA1996}.Release|Any CPU.Build.0 = Release|Any CPU
	EndGlobalSection
	GlobalSection(SolutionProperties) = preSolution
		HideSolutionNode = FALSE
	EndGlobalSection
	GlobalSection(NestedProjects) = preSolution
		{E78FA7E7-7316-4EC0-8EDC-95E88E3A2919} = {22E73887-4D93-4018-8254-A0E41A6F5984}
		{4F59C169-3CFE-461C-8414-9BA06F86A3B6} = {E78FA7E7-7316-4EC0-8EDC-95E88E3A2919}
		{ECC49526-DE82-41F1-8E82-B4CDBB192E1E} = {E78FA7E7-7316-4EC0-8EDC-95E88E3A2919}
		{FA64D131-FBF5-4F57-9DCA-CDA5EB9455C7} = {22E73887-4D93-4018-8254-A0E41A6F5984}
		{0E888119-39E6-4769-AA41-081E599EFD6A} = {FA64D131-FBF5-4F57-9DCA-CDA5EB9455C7}
		{C76966B3-8F7F-484E-BB07-FC3FC57DFDF3} = {FA64D131-FBF5-4F57-9DCA-CDA5EB9455C7}
		{29D05579-C11F-4DC3-8FB1-3C852C6E0B44} = {22E73887-4D93-4018-8254-A0E41A6F5984}
		{20174C84-D977-46C1-91C8-7B3C85A706AE} = {29D05579-C11F-4DC3-8FB1-3C852C6E0B44}
		{9C755C5C-1C21-44F6-BDFE-D7832F1F475B} = {29D05579-C11F-4DC3-8FB1-3C852C6E0B44}
		{D629664B-ABB3-4D72-936B-4EDABF53B3DB} = {22E73887-4D93-4018-8254-A0E41A6F5984}
		{06F479B7-A0E7-4D55-9153-CDF573A3C543} = {D629664B-ABB3-4D72-936B-4EDABF53B3DB}
		{D739FBC7-B6C7-492D-98D6-9225AA9AC80B} = {D629664B-ABB3-4D72-936B-4EDABF53B3DB}
		{A21B299C-0EBD-496D-97E9-B9405D8A6CB0} = {22E73887-4D93-4018-8254-A0E41A6F5984}
		{24134738-03B0-448B-A744-B8AA8CDD29EB} = {A21B299C-0EBD-496D-97E9-B9405D8A6CB0}
		{8A8122D5-8950-4552-B807-325684EA1996} = {A21B299C-0EBD-496D-97E9-B9405D8A6CB0}
	EndGlobalSection
	GlobalSection(ExtensibilityGlobals) = postSolution
		SolutionGuid = {0BB93DB0-3DB9-4D5A-9EEC-03CF2C5C5293}
	EndGlobalSection
EndGlobal
